<?xml version="1.0" encoding="utf-8"?>
<Project ToolsVersion="4.0" xmlns="http://schemas.microsoft.com/developer/msbuild/2003">
  <ItemGroup>
    <ClCompile Include="CAddBookDlg.cpp">
      <Filter>source</Filter>
    </ClCompile>
    <ClCompile Include="CAddProDlg.cpp">
      <Filter>source</Filter>
    </ClCompile>
    <ClCompile Include="CAddStaffDlg.cpp">
      <Filter>source</Filter>
    </ClCompile>
    <ClCompile Include="CAddUserDlg.cpp">
      <Filter>source</Filter>
    </ClCompile>
    <ClCompile Include="CBookMngDlg.cpp">
      <Filter>source</Filter>
    </ClCompile>
    <ClCompile Include="CDayPayDlg.cpp">
      <Filter>source</Filter>
    </ClCompile>
    <ClCompile Include="CLockDlg.cpp">
      <Filter>source</Filter>
    </ClCompile>
    <ClCompile Include="CLogin.cpp">
      <Filter>source</Filter>
    </ClCompile>
    <ClCompile Include="CPaySetDlg.cpp">
      <Filter>source</Filter>
    </ClCompile>
    <ClCompile Include="CProMngDlg.cpp">
      <Filter>source</Filter>
    </ClCompile>
    <ClCompile Include="CSetDlg.cpp">
      <Filter>source</Filter>
    </ClCompile>
    <ClCompile Include="CSetPwdDlg.cpp">
      <Filter>source</Filter>
    </ClCompile>
    <ClCompile Include="CStaffMngDlg.cpp">
      <Filter>source</Filter>
    </ClCompile>
    <ClCompile Include="CTabDetailDlg.cpp">
      <Filter>source</Filter>
    </ClCompile>
    <ClCompile Include="CTabDySetDlg.cpp">
      <Filter>source</Filter>
    </ClCompile>
    <ClCompile Include="CTabJdSetDlg.cpp">
      <Filter>source</Filter>
    </ClCompile>
    <ClCompile Include="CTabMonthDlg.cpp">
      <Filter>source</Filter>
    </ClCompile>
    <ClCompile Include="CTabOtherSetDlg.cpp">
      <Filter>source</Filter>
    </ClCompile>
    <ClCompile Include="CTabProcessDlg.cpp">
      <Filter>source</Filter>
    </ClCompile>
    <ClCompile Include="CTabWorkDayDlg.cpp">
      <Filter>source</Filter>
    </ClCompile>
    <ClCompile Include="CTabZySetDlg.cpp">
      <Filter>source</Filter>
    </ClCompile>
    <ClCompile Include="CUserMngDlg.cpp">
      <Filter>source</Filter>
    </ClCompile>
    <ClCompile Include="DlgFather.cpp">
      <Filter>source</Filter>
    </ClCompile>
    <ClCompile Include="main.cpp">
      <Filter>source</Filter>
    </ClCompile>
    <ClCompile Include="cgloble.cpp">
      <Filter>common</Filter>
    </ClCompile>
    <ClCompile Include="common.cpp">
      <Filter>common</Filter>
    </ClCompile>
    <ClCompile Include="HP-Socket\Global\helper.cpp">
      <Filter>helper</Filter>
    </ClCompile>
    <ClCompile Include="myThread.cpp">
      <Filter>source</Filter>
    </ClCompile>
    <ClCompile Include="paycount_qt.cpp">
      <Filter>source</Filter>
    </ClCompile>
    <ClCompile Include="GeneratedFiles\Debug\moc_CAddBookDlg.cpp">
      <Filter>moc_file</Filter>
    </ClCompile>
    <ClCompile Include="GeneratedFiles\Debug\moc_CAddProDlg.cpp">
      <Filter>moc_file</Filter>
    </ClCompile>
    <ClCompile Include="GeneratedFiles\Debug\moc_CAddStaffDlg.cpp">
      <Filter>moc_file</Filter>
    </ClCompile>
    <ClCompile Include="GeneratedFiles\Debug\moc_CAddUserDlg.cpp">
      <Filter>moc_file</Filter>
    </ClCompile>
    <ClCompile Include="GeneratedFiles\Debug\moc_CBookMngDlg.cpp">
      <Filter>moc_file</Filter>
    </ClCompile>
    <ClCompile Include="GeneratedFiles\Debug\moc_CDayPayDlg.cpp">
      <Filter>moc_file</Filter>
    </ClCompile>
    <ClCompile Include="GeneratedFiles\Debug\moc_cgloble.cpp">
      <Filter>moc_file</Filter>
    </ClCompile>
    <ClCompile Include="GeneratedFiles\Debug\moc_CLockDlg.cpp">
      <Filter>moc_file</Filter>
    </ClCompile>
    <ClCompile Include="GeneratedFiles\Debug\moc_CLogin.cpp">
      <Filter>moc_file</Filter>
    </ClCompile>
    <ClCompile Include="GeneratedFiles\Debug\moc_CPaySetDlg.cpp">
      <Filter>moc_file</Filter>
    </ClCompile>
    <ClCompile Include="GeneratedFiles\Debug\moc_CProMngDlg.cpp">
      <Filter>moc_file</Filter>
    </ClCompile>
    <ClCompile Include="GeneratedFiles\Debug\moc_CSetDlg.cpp">
      <Filter>moc_file</Filter>
    </ClCompile>
    <ClCompile Include="GeneratedFiles\Debug\moc_CSetPwdDlg.cpp">
      <Filter>moc_file</Filter>
    </ClCompile>
    <ClCompile Include="GeneratedFiles\Debug\moc_CStaffMngDlg.cpp">
      <Filter>moc_file</Filter>
    </ClCompile>
    <ClCompile Include="GeneratedFiles\Debug\moc_CTabDetailDlg.cpp">
      <Filter>moc_file</Filter>
    </ClCompile>
    <ClCompile Include="GeneratedFiles\Debug\moc_CTabDySetDlg.cpp">
      <Filter>moc_file</Filter>
    </ClCompile>
    <ClCompile Include="GeneratedFiles\Debug\moc_CTabJdSetDlg.cpp">
      <Filter>moc_file</Filter>
    </ClCompile>
    <ClCompile Include="GeneratedFiles\Debug\moc_CTabMonthDlg.cpp">
      <Filter>moc_file</Filter>
    </ClCompile>
    <ClCompile Include="GeneratedFiles\Debug\moc_CTabOtherSetDlg.cpp">
      <Filter>moc_file</Filter>
    </ClCompile>
    <ClCompile Include="GeneratedFiles\Debug\moc_CTabProcessDlg.cpp">
      <Filter>moc_file</Filter>
    </ClCompile>
    <ClCompile Include="GeneratedFiles\Debug\moc_CTabWorkDayDlg.cpp">
      <Filter>moc_file</Filter>
    </ClCompile>
    <ClCompile Include="GeneratedFiles\Debug\moc_CTabZySetDlg.cpp">
      <Filter>moc_file</Filter>
    </ClCompile>
    <ClCompile Include="GeneratedFiles\Debug\moc_CUserMngDlg.cpp">
      <Filter>moc_file</Filter>
    </ClCompile>
    <ClCompile Include="GeneratedFiles\Debug\moc_DlgFather.cpp">
      <Filter>moc_file</Filter>
    </ClCompile>
    <ClCompile Include="GeneratedFiles\Debug\moc_myThread.cpp">
      <Filter>moc_file</Filter>
    </ClCompile>
    <ClCompile Include="GeneratedFiles\Debug\moc_paycount_qt.cpp">
      <Filter>moc_file</Filter>
    </ClCompile>
    <ClCompile Include="GeneratedFiles\qrc_paycount_qt.cpp">
      <Filter>Resource</Filter>
    </ClCompile>
  </ItemGroup>
  <ItemGroup>
    <ClInclude Include="common.h">
      <Filter>common</Filter>
    </ClInclude>
    <ClInclude Include="HP-Socket\Global\helper.h">
      <Filter>helper</Filter>
    </ClInclude>
    <ClInclude Include="HP-Socket\Common\Src\GeneralHelper.h">
      <Filter>helper</Filter>
    </ClInclude>
    <ClInclude Include="GeneratedFiles\ui_CAddBookDlg.h">
      <Filter>GeneratedFiles</Filter>
    </ClInclude>
    <ClInclude Include="GeneratedFiles\ui_CAddProDlg.h">
      <Filter>GeneratedFiles</Filter>
    </ClInclude>
    <ClInclude Include="GeneratedFiles\ui_CAddStaffDlg.h">
      <Filter>GeneratedFiles</Filter>
    </ClInclude>
    <ClInclude Include="GeneratedFiles\ui_CAddUserDlg.h">
      <Filter>GeneratedFiles</Filter>
    </ClInclude>
    <ClInclude Include="GeneratedFiles\ui_CBookMngDlg.h">
      <Filter>GeneratedFiles</Filter>
    </ClInclude>
    <ClInclude Include="GeneratedFiles\ui_CDayPayDlg.h">
      <Filter>GeneratedFiles</Filter>
    </ClInclude>
    <ClInclude Include="GeneratedFiles\ui_CLockDlg.h">
      <Filter>GeneratedFiles</Filter>
    </ClInclude>
    <ClInclude Include="GeneratedFiles\ui_CLogin.h">
      <Filter>GeneratedFiles</Filter>
    </ClInclude>
    <ClInclude Include="GeneratedFiles\ui_CPaySetDlg.h">
      <Filter>GeneratedFiles</Filter>
    </ClInclude>
    <ClInclude Include="GeneratedFiles\ui_CProMngDlg.h">
      <Filter>GeneratedFiles</Filter>
    </ClInclude>
    <ClInclude Include="GeneratedFiles\ui_CSetDlg.h">
      <Filter>GeneratedFiles</Filter>
    </ClInclude>
    <ClInclude Include="GeneratedFiles\ui_CSetPwdDlg.h">
      <Filter>GeneratedFiles</Filter>
    </ClInclude>
    <ClInclude Include="GeneratedFiles\ui_CStaffMngDlg.h">
      <Filter>GeneratedFiles</Filter>
    </ClInclude>
    <ClInclude Include="GeneratedFiles\ui_CTabDetailDlg.h">
      <Filter>GeneratedFiles</Filter>
    </ClInclude>
    <ClInclude Include="GeneratedFiles\ui_CTabDySetDlg.h">
      <Filter>GeneratedFiles</Filter>
    </ClInclude>
    <ClInclude Include="GeneratedFiles\ui_CTabJdSetDlg.h">
      <Filter>GeneratedFiles</Filter>
    </ClInclude>
    <ClInclude Include="GeneratedFiles\ui_CTabMonthDlg.h">
      <Filter>GeneratedFiles</Filter>
    </ClInclude>
    <ClInclude Include="GeneratedFiles\ui_CTabOtherSetDlg.h">
      <Filter>GeneratedFiles</Filter>
    </ClInclude>
    <ClInclude Include="GeneratedFiles\ui_CTabProcessDlg.h">
      <Filter>GeneratedFiles</Filter>
    </ClInclude>
    <ClInclude Include="GeneratedFiles\ui_CTabWorkDayDlg.h">
      <Filter>GeneratedFiles</Filter>
    </ClInclude>
    <ClInclude Include="GeneratedFiles\ui_CTabZySetDlg.h">
      <Filter>GeneratedFiles</Filter>
    </ClInclude>
    <ClInclude Include="GeneratedFiles\ui_CUserMngDlg.h">
      <Filter>GeneratedFiles</Filter>
    </ClInclude>
    <ClInclude Include="GeneratedFiles\ui_paycount_qt.h">
      <Filter>GeneratedFiles</Filter>
    </ClInclude>
    <ClInclude Include="resource.h">
      <Filter>header</Filter>
    </ClInclude>
  </ItemGroup>
  <ItemGroup>
    <CustomBuild Include="CAddBookDlg.ui">
      <Filter>ui</Filter>
    </CustomBuild>
    <CustomBuild Include="CAddProDlg.ui">
      <Filter>ui</Filter>
    </CustomBuild>
    <CustomBuild Include="CAddStaffDlg.ui">
      <Filter>ui</Filter>
    </CustomBuild>
    <CustomBuild Include="CAddUserDlg.ui">
      <Filter>ui</Filter>
    </CustomBuild>
    <CustomBuild Include="CBookMngDlg.ui">
      <Filter>ui</Filter>
    </CustomBuild>
    <CustomBuild Include="CDayPayDlg.ui">
      <Filter>ui</Filter>
    </CustomBuild>
    <CustomBuild Include="CLockDlg.ui">
      <Filter>ui</Filter>
    </CustomBuild>
    <CustomBuild Include="CLogin.ui">
      <Filter>ui</Filter>
    </CustomBuild>
    <CustomBuild Include="CPaySetDlg.ui">
      <Filter>ui</Filter>
    </CustomBuild>
    <CustomBuild Include="CProMngDlg.ui">
      <Filter>ui</Filter>
    </CustomBuild>
    <CustomBuild Include="CSetDlg.ui">
      <Filter>ui</Filter>
    </CustomBuild>
    <CustomBuild Include="CSetPwdDlg.ui">
      <Filter>ui</Filter>
    </CustomBuild>
    <CustomBuild Include="CStaffMngDlg.ui">
      <Filter>ui</Filter>
    </CustomBuild>
    <CustomBuild Include="CTabDetailDlg.ui">
      <Filter>ui</Filter>
    </CustomBuild>
    <CustomBuild Include="CTabDySetDlg.ui">
      <Filter>ui</Filter>
    </CustomBuild>
    <CustomBuild Include="CTabJdSetDlg.ui">
      <Filter>ui</Filter>
    </CustomBuild>
    <CustomBuild Include="CTabMonthDlg.ui">
      <Filter>ui</Filter>
    </CustomBuild>
    <CustomBuild Include="CTabOtherSetDlg.ui">
      <Filter>ui</Filter>
    </CustomBuild>
    <CustomBuild Include="CTabProcessDlg.ui">
      <Filter>ui</Filter>
    </CustomBuild>
    <CustomBuild Include="CUserMngDlg.ui">
      <Filter>ui</Filter>
    </CustomBuild>
    <CustomBuild Include="CTabZySetDlg.ui">
      <Filter>ui</Filter>
    </CustomBuild>
    <CustomBuild Include="CTabWorkDayDlg.ui">
      <Filter>ui</Filter>
    </CustomBuild>
    <CustomBuild Include="CAddBookDlg.h">
      <Filter>header</Filter>
    </CustomBuild>
    <CustomBuild Include="CAddProDlg.h">
      <Filter>header</Filter>
    </CustomBuild>
    <CustomBuild Include="CAddStaffDlg.h">
      <Filter>header</Filter>
    </CustomBuild>
    <CustomBuild Include="CAddUserDlg.h">
      <Filter>header</Filter>
    </CustomBuild>
    <CustomBuild Include="CBookMngDlg.h">
      <Filter>header</Filter>
    </CustomBuild>
    <CustomBuild Include="CDayPayDlg.h">
      <Filter>header</Filter>
    </CustomBuild>
    <CustomBuild Include="CLockDlg.h">
      <Filter>header</Filter>
    </CustomBuild>
    <CustomBuild Include="CLogin.h">
      <Filter>header</Filter>
    </CustomBuild>
    <CustomBuild Include="CPaySetDlg.h">
      <Filter>header</Filter>
    </CustomBuild>
    <CustomBuild Include="CProMngDlg.h">
      <Filter>header</Filter>
    </CustomBuild>
    <CustomBuild Include="CSetDlg.h">
      <Filter>header</Filter>
    </CustomBuild>
    <CustomBuild Include="CSetPwdDlg.h">
      <Filter>header</Filter>
    </CustomBuild>
    <CustomBuild Include="CStaffMngDlg.h">
      <Filter>header</Filter>
    </CustomBuild>
    <CustomBuild Include="CTabDetailDlg.h">
      <Filter>header</Filter>
    </CustomBuild>
    <CustomBuild Include="CTabDySetDlg.h">
      <Filter>header</Filter>
    </CustomBuild>
    <CustomBuild Include="CTabJdSetDlg.h">
      <Filter>header</Filter>
    </CustomBuild>
    <CustomBuild Include="CTabMonthDlg.h">
      <Filter>header</Filter>
    </CustomBuild>
    <CustomBuild Include="CTabOtherSetDlg.h">
      <Filter>header</Filter>
    </CustomBuild>
    <CustomBuild Include="CTabProcessDlg.h">
      <Filter>header</Filter>
    </CustomBuild>
    <CustomBuild Include="CTabWorkDayDlg.h">
      <Filter>header</Filter>
    </CustomBuild>
    <CustomBuild Include="CTabZySetDlg.h">
      <Filter>header</Filter>
    </CustomBuild>
    <CustomBuild Include="CUserMngDlg.h">
      <Filter>header</Filter>
    </CustomBuild>
    <CustomBuild Include="DlgFather.h">
      <Filter>header</Filter>
    </CustomBuild>
    <CustomBuild Include="cgloble.h">
      <Filter>common</Filter>
    </CustomBuild>
    <CustomBuild Include="paycount_qt.h">
      <Filter>header</Filter>
    </CustomBuild>
    <CustomBuild Include="myThread.h">
      <Filter>header</Filter>
    </CustomBuild>
    <CustomBuild Include="paycount_qt.ui">
      <Filter>ui</Filter>
    </CustomBuild>
    <CustomBuild Include="paycount_qt.qrc">
      <Filter>Resource</Filter>
    </CustomBuild>
  </ItemGroup>
  <ItemGroup>
    <Filter Include="ui">
      <UniqueIdentifier>{deaf936a-d282-4797-9fb8-350cea18c1e1}</UniqueIdentifier>
    </Filter>
    <Filter Include="header">
      <UniqueIdentifier>{9a282aae-23b6-4b4b-a586-96bfd6f19f04}</UniqueIdentifier>
    </Filter>
    <Filter Include="source">
      <UniqueIdentifier>{7bd715be-1f1e-48f1-a871-5fe71801fb8c}</UniqueIdentifier>
    </Filter>
    <Filter Include="common">
      <UniqueIdentifier>{f6005b7b-dee4-42d1-8fab-39783f8f6dac}</UniqueIdentifier>
    </Filter>
    <Filter Include="helper">
      <UniqueIdentifier>{828688e8-a2be-4088-bb55-824835445855}</UniqueIdentifier>
    </Filter>
    <Filter Include="moc_file">
      <UniqueIdentifier>{a8020b37-096a-4d7f-bfd9-831bd7755644}</UniqueIdentifier>
    </Filter>
    <Filter Include="GeneratedFiles">
      <UniqueIdentifier>{8fc9d3b1-15f4-4979-968c-ad7fccee6b20}</UniqueIdentifier>
    </Filter>
    <Filter Include="Resource">
      <UniqueIdentifier>{58993b14-8067-4b30-86bd-5457856ba074}</UniqueIdentifier>
    </Filter>
  </ItemGroup>
  <ItemGroup>
    <None Include="resources\icon2.ico">
      <Filter>Resource</Filter>
    </None>
  </ItemGroup>
  <ItemGroup>
    <ResourceCompile Include="PayCount_QT.rc">
      <Filter>Resource</Filter>
    </ResourceCompile>
  </ItemGroup>
</Project>