<?xml version="1.0" encoding="utf-8"?>
<Project ToolsVersion="4.0" xmlns="http://schemas.microsoft.com/developer/msbuild/2003">
  <ItemGroup>
    <Filter Include="Source Files">
      <UniqueIdentifier>{4FC737F1-C7A5-4376-A066-2A32D752A2FF}</UniqueIdentifier>
      <Extensions>cpp;cxx;c;def</Extensions>
    </Filter>
    <Filter Include="Header Files">
      <UniqueIdentifier>{93995380-89BD-4b04-88EB-625FBE52EBFB}</UniqueIdentifier>
      <Extensions>h</Extensions>
    </Filter>
    <Filter Include="Form Files">
      <UniqueIdentifier>{99349809-55BA-4b9d-BF79-8FDBB0286EB3}</UniqueIdentifier>
      <Extensions>ui</Extensions>
    </Filter>
    <Filter Include="Resource Files">
      <UniqueIdentifier>{D9D6E242-F8AF-46E4-B9FD-80ECBC20BA3E}</UniqueIdentifier>
      <Extensions>qrc;*</Extensions>
      <ParseFiles>false</ParseFiles>
    </Filter>
    <Filter Include="Generated Files">
      <UniqueIdentifier>{71ED8ED8-ACB9-4CE9-BBE1-E00B30144E11}</UniqueIdentifier>
      <Extensions>moc;h;cpp</Extensions>
      <SourceControlFiles>False</SourceControlFiles>
    </Filter>
    <Filter Include="Generated Files\Debug">
      <UniqueIdentifier>{020993fa-d3f7-453a-8c70-10cb7f5c339a}</UniqueIdentifier>
      <Extensions>cpp;moc</Extensions>
      <SourceControlFiles>False</SourceControlFiles>
    </Filter>
    <Filter Include="Generated Files\Release">
      <UniqueIdentifier>{602063ec-8bad-4d6a-933f-be2b37bfc61c}</UniqueIdentifier>
      <Extensions>cpp;moc</Extensions>
      <SourceControlFiles>False</SourceControlFiles>
    </Filter>
    <Filter Include="helper">
      <UniqueIdentifier>{ec40dde4-3a02-4ecf-a6e9-a2456a83c056}</UniqueIdentifier>
    </Filter>
    <Filter Include="globle">
      <UniqueIdentifier>{255af336-e6d3-45af-8a1d-6985b669ec1b}</UniqueIdentifier>
    </Filter>
    <Filter Include="common">
      <UniqueIdentifier>{21bae8dc-f8a1-4185-a2a5-d55e03af56f7}</UniqueIdentifier>
    </Filter>
    <Filter Include="thread">
      <UniqueIdentifier>{1a49c0db-e21d-4a67-afc0-50a35373285a}</UniqueIdentifier>
    </Filter>
  </ItemGroup>
  <ItemGroup>
    <ClCompile Include="main.cpp">
      <Filter>Source Files</Filter>
    </ClCompile>
    <ClCompile Include="paycount_qt.cpp">
      <Filter>Source Files</Filter>
    </ClCompile>
    <ClCompile Include="GeneratedFiles\Debug\moc_paycount_qt.cpp">
      <Filter>Generated Files\Debug</Filter>
    </ClCompile>
    <ClCompile Include="GeneratedFiles\Release\moc_paycount_qt.cpp">
      <Filter>Generated Files\Release</Filter>
    </ClCompile>
    <ClCompile Include="GeneratedFiles\qrc_paycount_qt.cpp">
      <Filter>Generated Files</Filter>
    </ClCompile>
    <ClCompile Include="CLogin.cpp">
      <Filter>Source Files</Filter>
    </ClCompile>
    <ClCompile Include="GeneratedFiles\Debug\moc_CLogin.cpp">
      <Filter>Generated Files\Debug</Filter>
    </ClCompile>
    <ClCompile Include="GeneratedFiles\Release\moc_CLogin.cpp">
      <Filter>Generated Files\Release</Filter>
    </ClCompile>
    <ClCompile Include="CSetDlg.cpp">
      <Filter>Source Files</Filter>
    </ClCompile>
    <ClCompile Include="GeneratedFiles\Debug\moc_CSetDlg.cpp">
      <Filter>Generated Files\Debug</Filter>
    </ClCompile>
    <ClCompile Include="GeneratedFiles\Release\moc_CSetDlg.cpp">
      <Filter>Generated Files\Release</Filter>
    </ClCompile>
    <ClCompile Include="HP-Socket\Global\helper.cpp">
      <Filter>helper</Filter>
    </ClCompile>
    <ClCompile Include="GeneratedFiles\Debug\moc_cgloble.cpp">
      <Filter>Generated Files\Debug</Filter>
    </ClCompile>
    <ClCompile Include="GeneratedFiles\Release\moc_cgloble.cpp">
      <Filter>Generated Files\Release</Filter>
    </ClCompile>
    <ClCompile Include="cgloble.cpp">
      <Filter>globle</Filter>
    </ClCompile>
    <ClCompile Include="common.cpp">
      <Filter>common</Filter>
    </ClCompile>
    <ClCompile Include="CTabMonthDlg.cpp">
      <Filter>Source Files</Filter>
    </ClCompile>
    <ClCompile Include="GeneratedFiles\Debug\moc_CTabMonthDlg.cpp">
      <Filter>Generated Files\Debug</Filter>
    </ClCompile>
    <ClCompile Include="GeneratedFiles\Release\moc_CTabMonthDlg.cpp">
      <Filter>Generated Files\Release</Filter>
    </ClCompile>
    <ClCompile Include="myThread.cpp">
      <Filter>thread</Filter>
    </ClCompile>
    <ClCompile Include="GeneratedFiles\Debug\moc_myThread.cpp">
      <Filter>Generated Files\Debug</Filter>
    </ClCompile>
    <ClCompile Include="GeneratedFiles\Release\moc_myThread.cpp">
      <Filter>Generated Files\Release</Filter>
    </ClCompile>
    <ClCompile Include="CTabWorkDayDlg.cpp">
      <Filter>Source Files</Filter>
    </ClCompile>
    <ClCompile Include="GeneratedFiles\Debug\moc_CTabWorkDayDlg.cpp">
      <Filter>Generated Files\Debug</Filter>
    </ClCompile>
    <ClCompile Include="GeneratedFiles\Release\moc_CTabWorkDayDlg.cpp">
      <Filter>Generated Files\Release</Filter>
    </ClCompile>
    <ClCompile Include="CDayPayDlg.cpp">
      <Filter>Source Files</Filter>
    </ClCompile>
    <ClCompile Include="GeneratedFiles\Debug\moc_CDayPayDlg.cpp">
      <Filter>Generated Files\Debug</Filter>
    </ClCompile>
    <ClCompile Include="GeneratedFiles\Release\moc_CDayPayDlg.cpp">
      <Filter>Generated Files\Release</Filter>
    </ClCompile>
    <ClCompile Include="CLockDlg.cpp">
      <Filter>Source Files</Filter>
    </ClCompile>
    <ClCompile Include="GeneratedFiles\Debug\moc_CLockDlg.cpp">
      <Filter>Generated Files\Debug</Filter>
    </ClCompile>
    <ClCompile Include="GeneratedFiles\Release\moc_CLockDlg.cpp">
      <Filter>Generated Files\Release</Filter>
    </ClCompile>
    <ClCompile Include="CStaffMngDlg.cpp">
      <Filter>Source Files</Filter>
    </ClCompile>
    <ClCompile Include="GeneratedFiles\Debug\moc_CStaffMngDlg.cpp">
      <Filter>Generated Files\Debug</Filter>
    </ClCompile>
    <ClCompile Include="GeneratedFiles\Release\moc_CStaffMngDlg.cpp">
      <Filter>Generated Files\Release</Filter>
    </ClCompile>
    <ClCompile Include="CAddStaffDlg.cpp">
      <Filter>Source Files</Filter>
    </ClCompile>
    <ClCompile Include="GeneratedFiles\Debug\moc_CAddStaffDlg.cpp">
      <Filter>Generated Files\Debug</Filter>
    </ClCompile>
    <ClCompile Include="GeneratedFiles\Release\moc_CAddStaffDlg.cpp">
      <Filter>Generated Files\Release</Filter>
    </ClCompile>
    <ClCompile Include="CSetPwdDlg.cpp">
      <Filter>Source Files</Filter>
    </ClCompile>
    <ClCompile Include="GeneratedFiles\Debug\moc_CSetPwdDlg.cpp">
      <Filter>Generated Files\Debug</Filter>
    </ClCompile>
    <ClCompile Include="GeneratedFiles\Release\moc_CSetPwdDlg.cpp">
      <Filter>Generated Files\Release</Filter>
    </ClCompile>
    <ClCompile Include="CUserMngDlg.cpp">
      <Filter>Source Files</Filter>
    </ClCompile>
    <ClCompile Include="GeneratedFiles\Debug\moc_CUserMngDlg.cpp">
      <Filter>Generated Files\Debug</Filter>
    </ClCompile>
    <ClCompile Include="GeneratedFiles\Release\moc_CUserMngDlg.cpp">
      <Filter>Generated Files\Release</Filter>
    </ClCompile>
    <ClCompile Include="CAddUserDlg.cpp">
      <Filter>Source Files</Filter>
    </ClCompile>
    <ClCompile Include="GeneratedFiles\Debug\moc_CAddUserDlg.cpp">
      <Filter>Generated Files\Debug</Filter>
    </ClCompile>
    <ClCompile Include="GeneratedFiles\Release\moc_CAddUserDlg.cpp">
      <Filter>Generated Files\Release</Filter>
    </ClCompile>
    <ClCompile Include="CBookMngDlg.cpp">
      <Filter>Source Files</Filter>
    </ClCompile>
    <ClCompile Include="GeneratedFiles\Debug\moc_CBookMngDlg.cpp">
      <Filter>Generated Files\Debug</Filter>
    </ClCompile>
    <ClCompile Include="GeneratedFiles\Release\moc_CBookMngDlg.cpp">
      <Filter>Generated Files\Release</Filter>
    </ClCompile>
    <ClCompile Include="CAddBookDlg.cpp">
      <Filter>Source Files</Filter>
    </ClCompile>
    <ClCompile Include="GeneratedFiles\Debug\moc_CAddBookDlg.cpp">
      <Filter>Generated Files\Debug</Filter>
    </ClCompile>
    <ClCompile Include="GeneratedFiles\Release\moc_CAddBookDlg.cpp">
      <Filter>Generated Files\Release</Filter>
    </ClCompile>
  </ItemGroup>
  <ItemGroup>
    <CustomBuild Include="paycount_qt.h">
      <Filter>Header Files</Filter>
    </CustomBuild>
    <CustomBuild Include="paycount_qt.ui">
      <Filter>Form Files</Filter>
    </CustomBuild>
    <CustomBuild Include="paycount_qt.qrc">
      <Filter>Resource Files</Filter>
    </CustomBuild>
    <CustomBuild Include="CLogin.h">
      <Filter>Header Files</Filter>
    </CustomBuild>
    <CustomBuild Include="CLogin.ui">
      <Filter>Form Files</Filter>
    </CustomBuild>
    <CustomBuild Include="CSetDlg.h">
      <Filter>Header Files</Filter>
    </CustomBuild>
    <CustomBuild Include="CSetDlg.ui">
      <Filter>Form Files</Filter>
    </CustomBuild>
    <CustomBuild Include="cgloble.h">
      <Filter>globle</Filter>
    </CustomBuild>
    <CustomBuild Include="CTabMonthDlg.h">
      <Filter>Header Files</Filter>
    </CustomBuild>
    <CustomBuild Include="CTabMonthDlg.ui">
      <Filter>Form Files</Filter>
    </CustomBuild>
    <CustomBuild Include="myThread.h">
      <Filter>thread</Filter>
    </CustomBuild>
    <CustomBuild Include="CTabWorkDayDlg.h">
      <Filter>Header Files</Filter>
    </CustomBuild>
    <CustomBuild Include="CTabWorkDayDlg.ui">
      <Filter>Form Files</Filter>
    </CustomBuild>
    <CustomBuild Include="CDayPayDlg.h">
      <Filter>Header Files</Filter>
    </CustomBuild>
    <CustomBuild Include="CDayPayDlg.ui">
      <Filter>Form Files</Filter>
    </CustomBuild>
    <CustomBuild Include="CLockDlg.h">
      <Filter>Header Files</Filter>
    </CustomBuild>
    <CustomBuild Include="CLockDlg.ui">
      <Filter>Form Files</Filter>
    </CustomBuild>
    <CustomBuild Include="CStaffMngDlg.ui">
      <Filter>Form Files</Filter>
    </CustomBuild>
    <CustomBuild Include="CStaffMngDlg.h">
      <Filter>Header Files</Filter>
    </CustomBuild>
    <CustomBuild Include="CAddStaffDlg.h">
      <Filter>Header Files</Filter>
    </CustomBuild>
    <CustomBuild Include="CAddStaffDlg.ui">
      <Filter>Form Files</Filter>
    </CustomBuild>
    <CustomBuild Include="CSetPwdDlg.h">
      <Filter>Header Files</Filter>
    </CustomBuild>
    <CustomBuild Include="CSetPwdDlg.ui">
      <Filter>Form Files</Filter>
    </CustomBuild>
    <CustomBuild Include="CUserMngDlg.h">
      <Filter>Header Files</Filter>
    </CustomBuild>
    <CustomBuild Include="CUserMngDlg.ui">
      <Filter>Form Files</Filter>
    </CustomBuild>
    <CustomBuild Include="CAddUserDlg.h">
      <Filter>Header Files</Filter>
    </CustomBuild>
    <CustomBuild Include="CAddUserDlg.ui">
      <Filter>Form Files</Filter>
    </CustomBuild>
    <CustomBuild Include="CBookMngDlg.h">
      <Filter>Header Files</Filter>
    </CustomBuild>
    <CustomBuild Include="CBookMngDlg.ui">
      <Filter>Form Files</Filter>
    </CustomBuild>
    <CustomBuild Include="CAddBookDlg.h">
      <Filter>Header Files</Filter>
    </CustomBuild>
    <CustomBuild Include="CAddBookDlg.ui">
      <Filter>Form Files</Filter>
    </CustomBuild>
  </ItemGroup>
  <ItemGroup>
    <ClInclude Include="GeneratedFiles\ui_paycount_qt.h">
      <Filter>Generated Files</Filter>
    </ClInclude>
    <ClInclude Include="GeneratedFiles\ui_CLogin.h">
      <Filter>Generated Files</Filter>
    </ClInclude>
    <ClInclude Include="GeneratedFiles\ui_CSetDlg.h">
      <Filter>Generated Files</Filter>
    </ClInclude>
    <ClInclude Include="HP-Socket\Global\helper.h">
      <Filter>helper</Filter>
    </ClInclude>
    <ClInclude Include="HP-Socket\Common\Src\GeneralHelper.h">
      <Filter>helper</Filter>
    </ClInclude>
    <ClInclude Include="common.h">
      <Filter>common</Filter>
    </ClInclude>
    <ClInclude Include="GeneratedFiles\ui_CTabMonthDlg.h">
      <Filter>Generated Files</Filter>
    </ClInclude>
    <ClInclude Include="GeneratedFiles\ui_CTabWorkDayDlg.h">
      <Filter>Generated Files</Filter>
    </ClInclude>
    <ClInclude Include="GeneratedFiles\ui_CDayPayDlg.h">
      <Filter>Generated Files</Filter>
    </ClInclude>
    <ClInclude Include="GeneratedFiles\ui_CLockDlg.h">
      <Filter>Generated Files</Filter>
    </ClInclude>
    <ClInclude Include="GeneratedFiles\ui_CStaffMngDlg.h">
      <Filter>Generated Files</Filter>
    </ClInclude>
    <ClInclude Include="GeneratedFiles\ui_CAddStaffDlg.h">
      <Filter>Generated Files</Filter>
    </ClInclude>
    <ClInclude Include="GeneratedFiles\ui_CSetPwdDlg.h">
      <Filter>Generated Files</Filter>
    </ClInclude>
    <ClInclude Include="GeneratedFiles\ui_CUserMngDlg.h">
      <Filter>Generated Files</Filter>
    </ClInclude>
    <ClInclude Include="GeneratedFiles\ui_CAddUserDlg.h">
      <Filter>Generated Files</Filter>
    </ClInclude>
    <ClInclude Include="GeneratedFiles\ui_CBookMngDlg.h">
      <Filter>Generated Files</Filter>
    </ClInclude>
    <ClInclude Include="GeneratedFiles\ui_CAddBookDlg.h">
      <Filter>Generated Files</Filter>
    </ClInclude>
  </ItemGroup>
</Project>